
Microsoft Visual Studio Solution File, Format Version 12.00
# Visual Studio Version 16
VisualStudioVersion = 16.0.29403.142
MinimumVisualStudioVersion = 10.0.40219.1
Project("{8BC9CEB8-8B4A-11D0-8D11-00A0C91BC942}") = "physics", "physics\physics.vcxproj", "{DC20CBAC-AB67-4A0C-BBE2-65DC81DEF289}"
EndProject
Project("{8BC9CEB8-8B4A-11D0-8D11-00A0C91BC942}") = "tests", "tests\tests.vcxproj", "{874CA9E0-23D2-4B91-837B-BCE8B7C9668D}"
	ProjectSection(ProjectDependencies) = postProject
		{DC20CBAC-AB67-4A0C-BBE2-65DC81DEF289} = {DC20CBAC-AB67-4A0C-BBE2-65DC81DEF289}
		{4DB099FF-8264-4262-8195-EBA4109123CC} = {4DB099FF-8264-4262-8195-EBA4109123CC}
	EndProjectSection
EndProject
Project("{8BC9CEB8-8B4A-11D0-8D11-00A0C91BC942}") = "application", "application\application.vcxproj", "{4DB099FF-8264-4262-8195-EBA4109123CC}"
	ProjectSection(ProjectDependencies) = postProject
		{ADC11C63-6986-41DC-9297-FC5DC58A2B55} = {ADC11C63-6986-41DC-9297-FC5DC58A2B55}
		{60F3448D-6447-47CD-BF64-8762F8DB9361} = {60F3448D-6447-47CD-BF64-8762F8DB9361}
		{DC20CBAC-AB67-4A0C-BBE2-65DC81DEF289} = {DC20CBAC-AB67-4A0C-BBE2-65DC81DEF289}
		{13E417C8-0C80-482C-A415-8C11A5C770DA} = {13E417C8-0C80-482C-A415-8C11A5C770DA}
	EndProjectSection
EndProject
Project("{8BC9CEB8-8B4A-11D0-8D11-00A0C91BC942}") = "util", "util\util.vcxproj", "{60F3448D-6447-47CD-BF64-8762F8DB9361}"
EndProject
Project("{8BC9CEB8-8B4A-11D0-8D11-00A0C91BC942}") = "benchmarks", "benchmarks\benchmarks.vcxproj", "{CA5FECF4-EDD2-4387-9967-66B047052B0B}"
EndProject
Project("{8BC9CEB8-8B4A-11D0-8D11-00A0C91BC942}") = "engine", "engine\engine.vcxproj", "{ADC11C63-6986-41DC-9297-FC5DC58A2B55}"
	ProjectSection(ProjectDependencies) = postProject
		{60F3448D-6447-47CD-BF64-8762F8DB9361} = {60F3448D-6447-47CD-BF64-8762F8DB9361}
		{DC20CBAC-AB67-4A0C-BBE2-65DC81DEF289} = {DC20CBAC-AB67-4A0C-BBE2-65DC81DEF289}
		{13E417C8-0C80-482C-A415-8C11A5C770DA} = {13E417C8-0C80-482C-A415-8C11A5C770DA}
	EndProjectSection
EndProject
Project("{8BC9CEB8-8B4A-11D0-8D11-00A0C91BC942}") = "graphics", "graphics\graphics.vcxproj", "{13E417C8-0C80-482C-A415-8C11A5C770DA}"
	ProjectSection(ProjectDependencies) = postProject
		{60F3448D-6447-47CD-BF64-8762F8DB9361} = {60F3448D-6447-47CD-BF64-8762F8DB9361}
		{DC20CBAC-AB67-4A0C-BBE2-65DC81DEF289} = {DC20CBAC-AB67-4A0C-BBE2-65DC81DEF289}
	EndProjectSection
EndProject
Global
	GlobalSection(SolutionConfigurationPlatforms) = preSolution
		Debug|x64 = Debug|x64
		Debug|x86 = Debug|x86
		Release|x64 = Release|x64
		Release|x86 = Release|x86
	EndGlobalSection
	GlobalSection(ProjectConfigurationPlatforms) = postSolution
		{DC20CBAC-AB67-4A0C-BBE2-65DC81DEF289}.Debug|x64.ActiveCfg = Debug|x64
		{DC20CBAC-AB67-4A0C-BBE2-65DC81DEF289}.Debug|x64.Build.0 = Debug|x64
		{DC20CBAC-AB67-4A0C-BBE2-65DC81DEF289}.Debug|x86.ActiveCfg = Debug|Win32
		{DC20CBAC-AB67-4A0C-BBE2-65DC81DEF289}.Debug|x86.Build.0 = Debug|Win32
		{DC20CBAC-AB67-4A0C-BBE2-65DC81DEF289}.Release|x64.ActiveCfg = Release|x64
		{DC20CBAC-AB67-4A0C-BBE2-65DC81DEF289}.Release|x64.Build.0 = Release|x64
		{DC20CBAC-AB67-4A0C-BBE2-65DC81DEF289}.Release|x86.ActiveCfg = Release|Win32
		{DC20CBAC-AB67-4A0C-BBE2-65DC81DEF289}.Release|x86.Build.0 = Release|Win32
		{874CA9E0-23D2-4B91-837B-BCE8B7C9668D}.Debug|x64.ActiveCfg = Debug|x64
		{874CA9E0-23D2-4B91-837B-BCE8B7C9668D}.Debug|x64.Build.0 = Debug|x64
		{874CA9E0-23D2-4B91-837B-BCE8B7C9668D}.Debug|x86.ActiveCfg = Debug|Win32
		{874CA9E0-23D2-4B91-837B-BCE8B7C9668D}.Debug|x86.Build.0 = Debug|Win32
		{874CA9E0-23D2-4B91-837B-BCE8B7C9668D}.Release|x64.ActiveCfg = Release|x64
		{874CA9E0-23D2-4B91-837B-BCE8B7C9668D}.Release|x64.Build.0 = Release|x64
		{874CA9E0-23D2-4B91-837B-BCE8B7C9668D}.Release|x86.ActiveCfg = Release|Win32
		{874CA9E0-23D2-4B91-837B-BCE8B7C9668D}.Release|x86.Build.0 = Release|Win32
		{4DB099FF-8264-4262-8195-EBA4109123CC}.Debug|x64.ActiveCfg = Debug|x64
		{4DB099FF-8264-4262-8195-EBA4109123CC}.Debug|x64.Build.0 = Debug|x64
		{4DB099FF-8264-4262-8195-EBA4109123CC}.Debug|x86.ActiveCfg = Debug|Win32
		{4DB099FF-8264-4262-8195-EBA4109123CC}.Debug|x86.Build.0 = Debug|Win32
		{4DB099FF-8264-4262-8195-EBA4109123CC}.Release|x64.ActiveCfg = Release|x64
		{4DB099FF-8264-4262-8195-EBA4109123CC}.Release|x64.Build.0 = Release|x64
		{4DB099FF-8264-4262-8195-EBA4109123CC}.Release|x86.ActiveCfg = Release|Win32
		{4DB099FF-8264-4262-8195-EBA4109123CC}.Release|x86.Build.0 = Release|Win32
		{60F3448D-6447-47CD-BF64-8762F8DB9361}.Debug|x64.ActiveCfg = Debug|x64
		{60F3448D-6447-47CD-BF64-8762F8DB9361}.Debug|x64.Build.0 = Debug|x64
		{60F3448D-6447-47CD-BF64-8762F8DB9361}.Debug|x86.ActiveCfg = Debug|Win32
		{60F3448D-6447-47CD-BF64-8762F8DB9361}.Debug|x86.Build.0 = Debug|Win32
		{60F3448D-6447-47CD-BF64-8762F8DB9361}.Release|x64.ActiveCfg = Release|x64
		{60F3448D-6447-47CD-BF64-8762F8DB9361}.Release|x64.Build.0 = Release|x64
		{60F3448D-6447-47CD-BF64-8762F8DB9361}.Release|x86.ActiveCfg = Release|Win32
		{60F3448D-6447-47CD-BF64-8762F8DB9361}.Release|x86.Build.0 = Release|Win32
		{60F3448D-6447-47CD-BF64-8762F8DB9361}.Tests|x64.ActiveCfg = Tests|x64
		{60F3448D-6447-47CD-BF64-8762F8DB9361}.Tests|x64.Build.0 = Tests|x64
		{60F3448D-6447-47CD-BF64-8762F8DB9361}.Tests|x86.ActiveCfg = Tests|Win32
		{60F3448D-6447-47CD-BF64-8762F8DB9361}.Tests|x86.Build.0 = Tests|Win32
		{CA5FECF4-EDD2-4387-9967-66B047052B0B}.Debug|x64.ActiveCfg = Debug|x64
		{CA5FECF4-EDD2-4387-9967-66B047052B0B}.Debug|x64.Build.0 = Debug|x64
		{CA5FECF4-EDD2-4387-9967-66B047052B0B}.Debug|x86.ActiveCfg = Debug|Win32
		{CA5FECF4-EDD2-4387-9967-66B047052B0B}.Debug|x86.Build.0 = Debug|Win32
		{CA5FECF4-EDD2-4387-9967-66B047052B0B}.Release|x64.ActiveCfg = Release|x64
		{CA5FECF4-EDD2-4387-9967-66B047052B0B}.Release|x64.Build.0 = Release|x64
		{CA5FECF4-EDD2-4387-9967-66B047052B0B}.Release|x86.ActiveCfg = Release|Win32
		{CA5FECF4-EDD2-4387-9967-66B047052B0B}.Release|x86.Build.0 = Release|Win32
		{CA5FECF4-EDD2-4387-9967-66B047052B0B}.Tests|x64.ActiveCfg = Release|x64
		{CA5FECF4-EDD2-4387-9967-66B047052B0B}.Tests|x64.Build.0 = Release|x64
		{CA5FECF4-EDD2-4387-9967-66B047052B0B}.Tests|x86.ActiveCfg = Release|Win32
		{CA5FECF4-EDD2-4387-9967-66B047052B0B}.Tests|x86.Build.0 = Release|Win32
		{DCB78756-8EE8-47AB-BEA3-3B27F3CD15B0}.Debug|x64.ActiveCfg = Debug|x64
		{DCB78756-8EE8-47AB-BEA3-3B27F3CD15B0}.Debug|x64.Build.0 = Debug|x64
		{DCB78756-8EE8-47AB-BEA3-3B27F3CD15B0}.Debug|x86.ActiveCfg = Debug|Win32
		{DCB78756-8EE8-47AB-BEA3-3B27F3CD15B0}.Debug|x86.Build.0 = Debug|Win32
		{DCB78756-8EE8-47AB-BEA3-3B27F3CD15B0}.Release|x64.ActiveCfg = Release|x64
		{DCB78756-8EE8-47AB-BEA3-3B27F3CD15B0}.Release|x64.Build.0 = Release|x64
		{DCB78756-8EE8-47AB-BEA3-3B27F3CD15B0}.Release|x86.ActiveCfg = Release|Win32
		{DCB78756-8EE8-47AB-BEA3-3B27F3CD15B0}.Release|x86.Build.0 = Release|Win32
		{ADC11C63-6986-41DC-9297-FC5DC58A2B55}.Debug|x64.ActiveCfg = Debug|x64
		{ADC11C63-6986-41DC-9297-FC5DC58A2B55}.Debug|x64.Build.0 = Debug|x64
		{ADC11C63-6986-41DC-9297-FC5DC58A2B55}.Debug|x86.ActiveCfg = Debug|Win32
		{ADC11C63-6986-41DC-9297-FC5DC58A2B55}.Debug|x86.Build.0 = Debug|Win32
		{ADC11C63-6986-41DC-9297-FC5DC58A2B55}.Release|x64.ActiveCfg = Release|x64
		{ADC11C63-6986-41DC-9297-FC5DC58A2B55}.Release|x64.Build.0 = Release|x64
		{ADC11C63-6986-41DC-9297-FC5DC58A2B55}.Release|x86.ActiveCfg = Release|Win32
		{ADC11C63-6986-41DC-9297-FC5DC58A2B55}.Release|x86.Build.0 = Release|Win32
		{13E417C8-0C80-482C-A415-8C11A5C770DA}.Debug|x64.ActiveCfg = Debug|x64
		{13E417C8-0C80-482C-A415-8C11A5C770DA}.Debug|x64.Build.0 = Debug|x64
		{13E417C8-0C80-482C-A415-8C11A5C770DA}.Debug|x86.ActiveCfg = Debug|Win32
		{13E417C8-0C80-482C-A415-8C11A5C770DA}.Debug|x86.Build.0 = Debug|Win32
		{13E417C8-0C80-482C-A415-8C11A5C770DA}.Release|x64.ActiveCfg = Release|x64
		{13E417C8-0C80-482C-A415-8C11A5C770DA}.Release|x64.Build.0 = Release|x64
		{13E417C8-0C80-482C-A415-8C11A5C770DA}.Release|x86.ActiveCfg = Release|Win32
		{13E417C8-0C80-482C-A415-8C11A5C770DA}.Release|x86.Build.0 = Release|Win32
	EndGlobalSection
	GlobalSection(SolutionProperties) = preSolution
		HideSolutionNode = FALSE
	EndGlobalSection
	GlobalSection(ExtensibilityGlobals) = postSolution
		SolutionGuid = {D9298BAF-A6CD-4B96-BF4B-DFB2F3FBAF00}
	EndGlobalSection
EndGlobal
